// !$*UTF8*$!
{
	archiveVersion = 1;
	classes = {
	};
	objectVersion = 46;
	objects = {

/* Begin PBXBuildFile section */
		3C30B1801D9327830005C2B7 /* AppDelegate.swift in Sources */ = {isa = PBXBuildFile; fileRef = 3C30B17F1D9327830005C2B7 /* AppDelegate.swift */; };
		3C30B1871D9327830005C2B7 /* Assets.xcassets in Resources */ = {isa = PBXBuildFile; fileRef = 3C30B1861D9327830005C2B7 /* Assets.xcassets */; };
		3C30B18A1D9327830005C2B7 /* LaunchScreen.storyboard in Resources */ = {isa = PBXBuildFile; fileRef = 3C30B1881D9327830005C2B7 /* LaunchScreen.storyboard */; };
		3C30B1951D9327840005C2B7 /* MBlocksVisualizationTests.swift in Sources */ = {isa = PBXBuildFile; fileRef = 3C30B1941D9327840005C2B7 /* MBlocksVisualizationTests.swift */; };
		3C30B1A01D9327840005C2B7 /* MBlocksVisualizationUITests.swift in Sources */ = {isa = PBXBuildFile; fileRef = 3C30B19F1D9327840005C2B7 /* MBlocksVisualizationUITests.swift */; };
		3C30B1AE1D9327A40005C2B7 /* StartScreen.swift in Sources */ = {isa = PBXBuildFile; fileRef = 3C30B1AD1D9327A40005C2B7 /* StartScreen.swift */; };
		3C30B1B01D9327B20005C2B7 /* MainScreen.swift in Sources */ = {isa = PBXBuildFile; fileRef = 3C30B1AF1D9327B20005C2B7 /* MainScreen.swift */; };
		3C30B1B41D9327C90005C2B7 /* Background_Diffuse.png in Resources */ = {isa = PBXBuildFile; fileRef = 3C30B1B21D9327C90005C2B7 /* Background_Diffuse.png */; };
		3C30B1B51D9327C90005C2B7 /* MBlocksLogo.png in Resources */ = {isa = PBXBuildFile; fileRef = 3C30B1B31D9327C90005C2B7 /* MBlocksLogo.png */; };
		3C30B1B71D9327D70005C2B7 /* ViewScreen.swift in Sources */ = {isa = PBXBuildFile; fileRef = 3C30B1B61D9327D70005C2B7 /* ViewScreen.swift */; };
		3C30B1B91D9327E10005C2B7 /* BlockModel.swift in Sources */ = {isa = PBXBuildFile; fileRef = 3C30B1B81D9327E10005C2B7 /* BlockModel.swift */; };
		3C30B1BB1D9327E60005C2B7 /* HomeModel.swift in Sources */ = {isa = PBXBuildFile; fileRef = 3C30B1BA1D9327E60005C2B7 /* HomeModel.swift */; };
		3C30B1BF1D9334670005C2B7 /* Main.storyboard in Resources */ = {isa = PBXBuildFile; fileRef = 3C30B1BE1D9334670005C2B7 /* Main.storyboard */; };
		3C5C5DC71D9C46CC00BDEA93 /* MapKit.framework in Frameworks */ = {isa = PBXBuildFile; fileRef = 3C5C5DC61D9C46CC00BDEA93 /* MapKit.framework */; };
		3C70DA9E1DCA6CAF006F8896 /* MBlocksTitleLogo.png in Resources */ = {isa = PBXBuildFile; fileRef = 3C70DA9D1DCA6CAF006F8896 /* MBlocksTitleLogo.png */; };
		3C70DAA01DCA6E25006F8896 /* startbutton.png in Resources */ = {isa = PBXBuildFile; fileRef = 3C70DA9F1DCA6E25006F8896 /* startbutton.png */; };
		3C8EAD981DD269C100FB03D4 /* selected.png in Resources */ = {isa = PBXBuildFile; fileRef = 3C8EAD971DD269C100FB03D4 /* selected.png */; };
		3C8EAD9A1DD269C800FB03D4 /* unselected.png in Resources */ = {isa = PBXBuildFile; fileRef = 3C8EAD991DD269C800FB03D4 /* unselected.png */; };
		3CB61DBA1D9C5107003DD550 /* blocks.png in Resources */ = {isa = PBXBuildFile; fileRef = 3CB61DB91D9C5107003DD550 /* blocks.png */; };
		3CCA921E1DB97A2E00F680D4 /* PositionCalculator.swift in Sources */ = {isa = PBXBuildFile; fileRef = 3CCA921D1DB97A2E00F680D4 /* PositionCalculator.swift */; };
		3CF82F7E1DB0103F00D38B2F /* Numbers.swift in Sources */ = {isa = PBXBuildFile; fileRef = 3CF82F7D1DB0103F00D38B2F /* Numbers.swift */; };
		3CFF6FCB1DCD2F85004AD132 /* CommandCell.swift in Sources */ = {isa = PBXBuildFile; fileRef = 3CFF6FCA1DCD2F85004AD132 /* CommandCell.swift */; };
/* End PBXBuildFile section */

/* Begin PBXContainerItemProxy section */
		3C30B1911D9327840005C2B7 /* PBXContainerItemProxy */ = {
			isa = PBXContainerItemProxy;
			containerPortal = 3C30B1741D9327830005C2B7 /* Project object */;
			proxyType = 1;
			remoteGlobalIDString = 3C30B17B1D9327830005C2B7;
			remoteInfo = MBlocksVisualization;
		};
		3C30B19C1D9327840005C2B7 /* PBXContainerItemProxy */ = {
			isa = PBXContainerItemProxy;
			containerPortal = 3C30B1741D9327830005C2B7 /* Project object */;
			proxyType = 1;
			remoteGlobalIDString = 3C30B17B1D9327830005C2B7;
			remoteInfo = MBlocksVisualization;
		};
/* End PBXContainerItemProxy section */

/* Begin PBXFileReference section */
		3C30B17C1D9327830005C2B7 /* MBlocksVisualization.app */ = {isa = PBXFileReference; explicitFileType = wrapper.application; includeInIndex = 0; path = MBlocksVisualization.app; sourceTree = BUILT_PRODUCTS_DIR; };
		3C30B17F1D9327830005C2B7 /* AppDelegate.swift */ = {isa = PBXFileReference; lastKnownFileType = sourcecode.swift; path = AppDelegate.swift; sourceTree = "<group>"; };
		3C30B1861D9327830005C2B7 /* Assets.xcassets */ = {isa = PBXFileReference; lastKnownFileType = folder.assetcatalog; path = Assets.xcassets; sourceTree = "<group>"; };
		3C30B1891D9327830005C2B7 /* Base */ = {isa = PBXFileReference; lastKnownFileType = file.storyboard; name = Base; path = Base.lproj/LaunchScreen.storyboard; sourceTree = "<group>"; };
		3C30B18B1D9327830005C2B7 /* Info.plist */ = {isa = PBXFileReference; lastKnownFileType = text.plist.xml; path = Info.plist; sourceTree = "<group>"; };
		3C30B1901D9327840005C2B7 /* MBlocksVisualizationTests.xctest */ = {isa = PBXFileReference; explicitFileType = wrapper.cfbundle; includeInIndex = 0; path = MBlocksVisualizationTests.xctest; sourceTree = BUILT_PRODUCTS_DIR; };
		3C30B1941D9327840005C2B7 /* MBlocksVisualizationTests.swift */ = {isa = PBXFileReference; lastKnownFileType = sourcecode.swift; path = MBlocksVisualizationTests.swift; sourceTree = "<group>"; };
		3C30B1961D9327840005C2B7 /* Info.plist */ = {isa = PBXFileReference; lastKnownFileType = text.plist.xml; path = Info.plist; sourceTree = "<group>"; };
		3C30B19B1D9327840005C2B7 /* MBlocksVisualizationUITests.xctest */ = {isa = PBXFileReference; explicitFileType = wrapper.cfbundle; includeInIndex = 0; path = MBlocksVisualizationUITests.xctest; sourceTree = BUILT_PRODUCTS_DIR; };
		3C30B19F1D9327840005C2B7 /* MBlocksVisualizationUITests.swift */ = {isa = PBXFileReference; lastKnownFileType = sourcecode.swift; path = MBlocksVisualizationUITests.swift; sourceTree = "<group>"; };
		3C30B1A11D9327840005C2B7 /* Info.plist */ = {isa = PBXFileReference; lastKnownFileType = text.plist.xml; path = Info.plist; sourceTree = "<group>"; };
		3C30B1AD1D9327A40005C2B7 /* StartScreen.swift */ = {isa = PBXFileReference; fileEncoding = 4; lastKnownFileType = sourcecode.swift; path = StartScreen.swift; sourceTree = "<group>"; };
		3C30B1AF1D9327B20005C2B7 /* MainScreen.swift */ = {isa = PBXFileReference; fileEncoding = 4; lastKnownFileType = sourcecode.swift; path = MainScreen.swift; sourceTree = "<group>"; };
		3C30B1B21D9327C90005C2B7 /* Background_Diffuse.png */ = {isa = PBXFileReference; lastKnownFileType = image.png; path = Background_Diffuse.png; sourceTree = "<group>"; };
		3C30B1B31D9327C90005C2B7 /* MBlocksLogo.png */ = {isa = PBXFileReference; lastKnownFileType = image.png; path = MBlocksLogo.png; sourceTree = "<group>"; };
		3C30B1B61D9327D70005C2B7 /* ViewScreen.swift */ = {isa = PBXFileReference; fileEncoding = 4; lastKnownFileType = sourcecode.swift; path = ViewScreen.swift; sourceTree = "<group>"; };
		3C30B1B81D9327E10005C2B7 /* BlockModel.swift */ = {isa = PBXFileReference; fileEncoding = 4; lastKnownFileType = sourcecode.swift; path = BlockModel.swift; sourceTree = "<group>"; };
		3C30B1BA1D9327E60005C2B7 /* HomeModel.swift */ = {isa = PBXFileReference; fileEncoding = 4; lastKnownFileType = sourcecode.swift; path = HomeModel.swift; sourceTree = "<group>"; };
		3C30B1BE1D9334670005C2B7 /* Main.storyboard */ = {isa = PBXFileReference; fileEncoding = 4; lastKnownFileType = file.storyboard; path = Main.storyboard; sourceTree = "<group>"; };
		3C5C5DC61D9C46CC00BDEA93 /* MapKit.framework */ = {isa = PBXFileReference; lastKnownFileType = wrapper.framework; name = MapKit.framework; path = System/Library/Frameworks/MapKit.framework; sourceTree = SDKROOT; };
		3C70DA9D1DCA6CAF006F8896 /* MBlocksTitleLogo.png */ = {isa = PBXFileReference; lastKnownFileType = image.png; path = MBlocksTitleLogo.png; sourceTree = "<group>"; };
		3C70DA9F1DCA6E25006F8896 /* startbutton.png */ = {isa = PBXFileReference; lastKnownFileType = image.png; path = startbutton.png; sourceTree = "<group>"; };
		3C8EAD971DD269C100FB03D4 /* selected.png */ = {isa = PBXFileReference; lastKnownFileType = image.png; path = selected.png; sourceTree = "<group>"; };
		3C8EAD991DD269C800FB03D4 /* unselected.png */ = {isa = PBXFileReference; lastKnownFileType = image.png; path = unselected.png; sourceTree = "<group>"; };
		3CB61DB91D9C5107003DD550 /* blocks.png */ = {isa = PBXFileReference; lastKnownFileType = image.png; path = blocks.png; sourceTree = "<group>"; };
		3CCA921D1DB97A2E00F680D4 /* PositionCalculator.swift */ = {isa = PBXFileReference; fileEncoding = 4; lastKnownFileType = sourcecode.swift; path = PositionCalculator.swift; sourceTree = "<group>"; };
		3CF82F7D1DB0103F00D38B2F /* Numbers.swift */ = {isa = PBXFileReference; fileEncoding = 4; lastKnownFileType = sourcecode.swift; path = Numbers.swift; sourceTree = "<group>"; };
		3CFF6FCA1DCD2F85004AD132 /* CommandCell.swift */ = {isa = PBXFileReference; fileEncoding = 4; lastKnownFileType = sourcecode.swift; path = CommandCell.swift; sourceTree = "<group>"; };
/* End PBXFileReference section */

/* Begin PBXFrameworksBuildPhase section */
		3C30B1791D9327830005C2B7 /* Frameworks */ = {
			isa = PBXFrameworksBuildPhase;
			buildActionMask = 2147483647;
			files = (
				3C5C5DC71D9C46CC00BDEA93 /* MapKit.framework in Frameworks */,
			);
			runOnlyForDeploymentPostprocessing = 0;
		};
		3C30B18D1D9327840005C2B7 /* Frameworks */ = {
			isa = PBXFrameworksBuildPhase;
			buildActionMask = 2147483647;
			files = (
			);
			runOnlyForDeploymentPostprocessing = 0;
		};
		3C30B1981D9327840005C2B7 /* Frameworks */ = {
			isa = PBXFrameworksBuildPhase;
			buildActionMask = 2147483647;
			files = (
			);
			runOnlyForDeploymentPostprocessing = 0;
		};
/* End PBXFrameworksBuildPhase section */

/* Begin PBXGroup section */
		3C30B1731D9327830005C2B7 = {
			isa = PBXGroup;
			children = (
				3C30B17E1D9327830005C2B7 /* MBlocksVisualization */,
				3C30B1931D9327840005C2B7 /* MBlocksVisualizationTests */,
				3C30B19E1D9327840005C2B7 /* MBlocksVisualizationUITests */,
				3C30B17D1D9327830005C2B7 /* Products */,
				3C5C5DC51D9C46CC00BDEA93 /* Frameworks */,
			);
			sourceTree = "<group>";
		};
		3C30B17D1D9327830005C2B7 /* Products */ = {
			isa = PBXGroup;
			children = (
				3C30B17C1D9327830005C2B7 /* MBlocksVisualization.app */,
				3C30B1901D9327840005C2B7 /* MBlocksVisualizationTests.xctest */,
				3C30B19B1D9327840005C2B7 /* MBlocksVisualizationUITests.xctest */,
			);
			name = Products;
			sourceTree = "<group>";
		};
		3C30B17E1D9327830005C2B7 /* MBlocksVisualization */ = {
			isa = PBXGroup;
			children = (
				3C30B1AD1D9327A40005C2B7 /* StartScreen.swift */,
				3C30B17F1D9327830005C2B7 /* AppDelegate.swift */,
				3C30B1BE1D9334670005C2B7 /* Main.storyboard */,
				3C30B1AF1D9327B20005C2B7 /* MainScreen.swift */,
				3C30B1861D9327830005C2B7 /* Assets.xcassets */,
				3C30B1B11D9327C90005C2B7 /* Resources */,
				3C30B1B61D9327D70005C2B7 /* ViewScreen.swift */,
				3CFF6FCA1DCD2F85004AD132 /* CommandCell.swift */,
				3CF82F7D1DB0103F00D38B2F /* Numbers.swift */,
				3C30B1881D9327830005C2B7 /* LaunchScreen.storyboard */,
				3C30B18B1D9327830005C2B7 /* Info.plist */,
				3C30B1B81D9327E10005C2B7 /* BlockModel.swift */,
				3C30B1BA1D9327E60005C2B7 /* HomeModel.swift */,
				3CCA921D1DB97A2E00F680D4 /* PositionCalculator.swift */,
			);
			path = MBlocksVisualization;
			sourceTree = "<group>";
		};
		3C30B1931D9327840005C2B7 /* MBlocksVisualizationTests */ = {
			isa = PBXGroup;
			children = (
				3C30B1941D9327840005C2B7 /* MBlocksVisualizationTests.swift */,
				3C30B1961D9327840005C2B7 /* Info.plist */,
			);
			path = MBlocksVisualizationTests;
			sourceTree = "<group>";
		};
		3C30B19E1D9327840005C2B7 /* MBlocksVisualizationUITests */ = {
			isa = PBXGroup;
			children = (
				3C30B19F1D9327840005C2B7 /* MBlocksVisualizationUITests.swift */,
				3C30B1A11D9327840005C2B7 /* Info.plist */,
			);
			path = MBlocksVisualizationUITests;
			sourceTree = "<group>";
		};
		3C30B1B11D9327C90005C2B7 /* Resources */ = {
			isa = PBXGroup;
			children = (
				3C70DA9D1DCA6CAF006F8896 /* MBlocksTitleLogo.png */,
				3CB61DB91D9C5107003DD550 /* blocks.png */,
				3C8EAD971DD269C100FB03D4 /* selected.png */,
				3C8EAD991DD269C800FB03D4 /* unselected.png */,
				3C30B1B21D9327C90005C2B7 /* Background_Diffuse.png */,
				3C30B1B31D9327C90005C2B7 /* MBlocksLogo.png */,
				3C70DA9F1DCA6E25006F8896 /* startbutton.png */,
			);
			path = Resources;
			sourceTree = "<group>";
		};
		3C5C5DC51D9C46CC00BDEA93 /* Frameworks */ = {
			isa = PBXGroup;
			children = (
				3C5C5DC61D9C46CC00BDEA93 /* MapKit.framework */,
			);
			name = Frameworks;
			sourceTree = "<group>";
		};
/* End PBXGroup section */

/* Begin PBXNativeTarget section */
		3C30B17B1D9327830005C2B7 /* MBlocksVisualization */ = {
			isa = PBXNativeTarget;
			buildConfigurationList = 3C30B1A41D9327840005C2B7 /* Build configuration list for PBXNativeTarget "MBlocksVisualization" */;
			buildPhases = (
				3C30B1781D9327830005C2B7 /* Sources */,
				3C30B1791D9327830005C2B7 /* Frameworks */,
				3C30B17A1D9327830005C2B7 /* Resources */,
			);
			buildRules = (
			);
			dependencies = (
			);
			name = MBlocksVisualization;
			productName = MBlocksVisualization;
			productReference = 3C30B17C1D9327830005C2B7 /* MBlocksVisualization.app */;
			productType = "com.apple.product-type.application";
		};
		3C30B18F1D9327840005C2B7 /* MBlocksVisualizationTests */ = {
			isa = PBXNativeTarget;
			buildConfigurationList = 3C30B1A71D9327840005C2B7 /* Build configuration list for PBXNativeTarget "MBlocksVisualizationTests" */;
			buildPhases = (
				3C30B18C1D9327840005C2B7 /* Sources */,
				3C30B18D1D9327840005C2B7 /* Frameworks */,
				3C30B18E1D9327840005C2B7 /* Resources */,
			);
			buildRules = (
			);
			dependencies = (
				3C30B1921D9327840005C2B7 /* PBXTargetDependency */,
			);
			name = MBlocksVisualizationTests;
			productName = MBlocksVisualizationTests;
			productReference = 3C30B1901D9327840005C2B7 /* MBlocksVisualizationTests.xctest */;
			productType = "com.apple.product-type.bundle.unit-test";
		};
		3C30B19A1D9327840005C2B7 /* MBlocksVisualizationUITests */ = {
			isa = PBXNativeTarget;
			buildConfigurationList = 3C30B1AA1D9327840005C2B7 /* Build configuration list for PBXNativeTarget "MBlocksVisualizationUITests" */;
			buildPhases = (
				3C30B1971D9327840005C2B7 /* Sources */,
				3C30B1981D9327840005C2B7 /* Frameworks */,
				3C30B1991D9327840005C2B7 /* Resources */,
			);
			buildRules = (
			);
			dependencies = (
				3C30B19D1D9327840005C2B7 /* PBXTargetDependency */,
			);
			name = MBlocksVisualizationUITests;
			productName = MBlocksVisualizationUITests;
			productReference = 3C30B19B1D9327840005C2B7 /* MBlocksVisualizationUITests.xctest */;
			productType = "com.apple.product-type.bundle.ui-testing";
		};
/* End PBXNativeTarget section */

/* Begin PBXProject section */
		3C30B1741D9327830005C2B7 /* Project object */ = {
			isa = PBXProject;
			attributes = {
				LastSwiftUpdateCheck = 0800;
				LastUpgradeCheck = 0800;
				ORGANIZATIONNAME = CSAIL;
				TargetAttributes = {
					3C30B17B1D9327830005C2B7 = {
						CreatedOnToolsVersion = 8.0;
						DevelopmentTeam = YVM79P4UJ8;
						ProvisioningStyle = Automatic;
						SystemCapabilities = {
							com.apple.Maps.iOS = {
								enabled = 0;
							};
						};
					};
					3C30B18F1D9327840005C2B7 = {
						CreatedOnToolsVersion = 8.0;
						ProvisioningStyle = Automatic;
						TestTargetID = 3C30B17B1D9327830005C2B7;
					};
					3C30B19A1D9327840005C2B7 = {
						CreatedOnToolsVersion = 8.0;
						ProvisioningStyle = Automatic;
						TestTargetID = 3C30B17B1D9327830005C2B7;
					};
				};
			};
			buildConfigurationList = 3C30B1771D9327830005C2B7 /* Build configuration list for PBXProject "MBlocksVisualization" */;
			compatibilityVersion = "Xcode 3.2";
			developmentRegion = English;
			hasScannedForEncodings = 0;
			knownRegions = (
				en,
				Base,
			);
			mainGroup = 3C30B1731D9327830005C2B7;
			productRefGroup = 3C30B17D1D9327830005C2B7 /* Products */;
			projectDirPath = "";
			projectRoot = "";
			targets = (
				3C30B17B1D9327830005C2B7 /* MBlocksVisualization */,
				3C30B18F1D9327840005C2B7 /* MBlocksVisualizationTests */,
				3C30B19A1D9327840005C2B7 /* MBlocksVisualizationUITests */,
			);
		};
/* End PBXProject section */

/* Begin PBXResourcesBuildPhase section */
		3C30B17A1D9327830005C2B7 /* Resources */ = {
			isa = PBXResourcesBuildPhase;
			buildActionMask = 2147483647;
			files = (
				3C30B18A1D9327830005C2B7 /* LaunchScreen.storyboard in Resources */,
				3C30B1BF1D9334670005C2B7 /* Main.storyboard in Resources */,
				3C30B1871D9327830005C2B7 /* Assets.xcassets in Resources */,
				3C30B1B51D9327C90005C2B7 /* MBlocksLogo.png in Resources */,
				3C70DAA01DCA6E25006F8896 /* startbutton.png in Resources */,
				3C30B1B41D9327C90005C2B7 /* Background_Diffuse.png in Resources */,
				3C8EAD981DD269C100FB03D4 /* selected.png in Resources */,
				3CB61DBA1D9C5107003DD550 /* blocks.png in Resources */,
				3C70DA9E1DCA6CAF006F8896 /* MBlocksTitleLogo.png in Resources */,
				3C8EAD9A1DD269C800FB03D4 /* unselected.png in Resources */,
			);
			runOnlyForDeploymentPostprocessing = 0;
		};
		3C30B18E1D9327840005C2B7 /* Resources */ = {
			isa = PBXResourcesBuildPhase;
			buildActionMask = 2147483647;
			files = (
			);
			runOnlyForDeploymentPostprocessing = 0;
		};
		3C30B1991D9327840005C2B7 /* Resources */ = {
			isa = PBXResourcesBuildPhase;
			buildActionMask = 2147483647;
			files = (
			);
			runOnlyForDeploymentPostprocessing = 0;
		};
/* End PBXResourcesBuildPhase section */

/* Begin PBXSourcesBuildPhase section */
		3C30B1781D9327830005C2B7 /* Sources */ = {
			isa = PBXSourcesBuildPhase;
			buildActionMask = 2147483647;
			files = (
				3C30B1B01D9327B20005C2B7 /* MainScreen.swift in Sources */,
				3CFF6FCB1DCD2F85004AD132 /* CommandCell.swift in Sources */,
				3C30B1B71D9327D70005C2B7 /* ViewScreen.swift in Sources */,
				3C30B1BB1D9327E60005C2B7 /* HomeModel.swift in Sources */,
				3CCA921E1DB97A2E00F680D4 /* PositionCalculator.swift in Sources */,
				3CF82F7E1DB0103F00D38B2F /* Numbers.swift in Sources */,
				3C30B1801D9327830005C2B7 /* AppDelegate.swift in Sources */,
				3C30B1AE1D9327A40005C2B7 /* StartScreen.swift in Sources */,
				3C30B1B91D9327E10005C2B7 /* BlockModel.swift in Sources */,
			);
			runOnlyForDeploymentPostprocessing = 0;
		};
		3C30B18C1D9327840005C2B7 /* Sources */ = {
			isa = PBXSourcesBuildPhase;
			buildActionMask = 2147483647;
			files = (
				3C30B1951D9327840005C2B7 /* MBlocksVisualizationTests.swift in Sources */,
			);
			runOnlyForDeploymentPostprocessing = 0;
		};
		3C30B1971D9327840005C2B7 /* Sources */ = {
			isa = PBXSourcesBuildPhase;
			buildActionMask = 2147483647;
			files = (
				3C30B1A01D9327840005C2B7 /* MBlocksVisualizationUITests.swift in Sources */,
			);
			runOnlyForDeploymentPostprocessing = 0;
		};
/* End PBXSourcesBuildPhase section */

/* Begin PBXTargetDependency section */
		3C30B1921D9327840005C2B7 /* PBXTargetDependency */ = {
			isa = PBXTargetDependency;
			target = 3C30B17B1D9327830005C2B7 /* MBlocksVisualization */;
			targetProxy = 3C30B1911D9327840005C2B7 /* PBXContainerItemProxy */;
		};
		3C30B19D1D9327840005C2B7 /* PBXTargetDependency */ = {
			isa = PBXTargetDependency;
			target = 3C30B17B1D9327830005C2B7 /* MBlocksVisualization */;
			targetProxy = 3C30B19C1D9327840005C2B7 /* PBXContainerItemProxy */;
		};
/* End PBXTargetDependency section */

/* Begin PBXVariantGroup section */
		3C30B1881D9327830005C2B7 /* LaunchScreen.storyboard */ = {
			isa = PBXVariantGroup;
			children = (
				3C30B1891D9327830005C2B7 /* Base */,
			);
			name = LaunchScreen.storyboard;
			sourceTree = "<group>";
		};
/* End PBXVariantGroup section */

/* Begin XCBuildConfiguration section */
		3C30B1A21D9327840005C2B7 /* Debug */ = {
			isa = XCBuildConfiguration;
			buildSettings = {
				ALWAYS_SEARCH_USER_PATHS = NO;
				CLANG_ANALYZER_NONNULL = YES;
				CLANG_CXX_LANGUAGE_STANDARD = "gnu++0x";
				CLANG_CXX_LIBRARY = "libc++";
				CLANG_ENABLE_MODULES = YES;
				CLANG_ENABLE_OBJC_ARC = YES;
				CLANG_WARN_BOOL_CONVERSION = YES;
				CLANG_WARN_CONSTANT_CONVERSION = YES;
				CLANG_WARN_DIRECT_OBJC_ISA_USAGE = YES_ERROR;
				CLANG_WARN_DOCUMENTATION_COMMENTS = YES;
				CLANG_WARN_EMPTY_BODY = YES;
				CLANG_WARN_ENUM_CONVERSION = YES;
				CLANG_WARN_INFINITE_RECURSION = YES;
				CLANG_WARN_INT_CONVERSION = YES;
				CLANG_WARN_OBJC_ROOT_CLASS = YES_ERROR;
				CLANG_WARN_SUSPICIOUS_MOVES = YES;
				CLANG_WARN_UNREACHABLE_CODE = YES;
				CLANG_WARN__DUPLICATE_METHOD_MATCH = YES;
				"CODE_SIGN_IDENTITY[sdk=iphoneos*]" = "iPhone Developer";
				COPY_PHASE_STRIP = NO;
				DEBUG_INFORMATION_FORMAT = dwarf;
				ENABLE_STRICT_OBJC_MSGSEND = YES;
				ENABLE_TESTABILITY = YES;
				GCC_C_LANGUAGE_STANDARD = gnu99;
				GCC_DYNAMIC_NO_PIC = NO;
				GCC_NO_COMMON_BLOCKS = YES;
				GCC_OPTIMIZATION_LEVEL = 0;
				GCC_PREPROCESSOR_DEFINITIONS = (
					"DEBUG=1",
					"$(inherited)",
				);
				GCC_WARN_64_TO_32_BIT_CONVERSION = YES;
				GCC_WARN_ABOUT_RETURN_TYPE = YES_ERROR;
				GCC_WARN_UNDECLARED_SELECTOR = YES;
				GCC_WARN_UNINITIALIZED_AUTOS = YES_AGGRESSIVE;
				GCC_WARN_UNUSED_FUNCTION = YES;
				GCC_WARN_UNUSED_VARIABLE = YES;
				IPHONEOS_DEPLOYMENT_TARGET = 10.0;
				MTL_ENABLE_DEBUG_INFO = YES;
				ONLY_ACTIVE_ARCH = YES;
				SDKROOT = iphoneos;
				SWIFT_ACTIVE_COMPILATION_CONDITIONS = DEBUG;
				SWIFT_OPTIMIZATION_LEVEL = "-Onone";
				TARGETED_DEVICE_FAMILY = "1,2";
			};
			name = Debug;
		};
		3C30B1A31D9327840005C2B7 /* Release */ = {
			isa = XCBuildConfiguration;
			buildSettings = {
				ALWAYS_SEARCH_USER_PATHS = NO;
				CLANG_ANALYZER_NONNULL = YES;
				CLANG_CXX_LANGUAGE_STANDARD = "gnu++0x";
				CLANG_CXX_LIBRARY = "libc++";
				CLANG_ENABLE_MODULES = YES;
				CLANG_ENABLE_OBJC_ARC = YES;
				CLANG_WARN_BOOL_CONVERSION = YES;
				CLANG_WARN_CONSTANT_CONVERSION = YES;
				CLANG_WARN_DIRECT_OBJC_ISA_USAGE = YES_ERROR;
				CLANG_WARN_DOCUMENTATION_COMMENTS = YES;
				CLANG_WARN_EMPTY_BODY = YES;
				CLANG_WARN_ENUM_CONVERSION = YES;
				CLANG_WARN_INFINITE_RECURSION = YES;
				CLANG_WARN_INT_CONVERSION = YES;
				CLANG_WARN_OBJC_ROOT_CLASS = YES_ERROR;
				CLANG_WARN_SUSPICIOUS_MOVES = YES;
				CLANG_WARN_UNREACHABLE_CODE = YES;
				CLANG_WARN__DUPLICATE_METHOD_MATCH = YES;
				"CODE_SIGN_IDENTITY[sdk=iphoneos*]" = "iPhone Developer";
				COPY_PHASE_STRIP = NO;
				DEBUG_INFORMATION_FORMAT = "dwarf-with-dsym";
				ENABLE_NS_ASSERTIONS = NO;
				ENABLE_STRICT_OBJC_MSGSEND = YES;
				GCC_C_LANGUAGE_STANDARD = gnu99;
				GCC_NO_COMMON_BLOCKS = YES;
				GCC_WARN_64_TO_32_BIT_CONVERSION = YES;
				GCC_WARN_ABOUT_RETURN_TYPE = YES_ERROR;
				GCC_WARN_UNDECLARED_SELECTOR = YES;
				GCC_WARN_UNINITIALIZED_AUTOS = YES_AGGRESSIVE;
				GCC_WARN_UNUSED_FUNCTION = YES;
				GCC_WARN_UNUSED_VARIABLE = YES;
				IPHONEOS_DEPLOYMENT_TARGET = 10.0;
				MTL_ENABLE_DEBUG_INFO = NO;
				SDKROOT = iphoneos;
				SWIFT_OPTIMIZATION_LEVEL = "-Owholemodule";
				TARGETED_DEVICE_FAMILY = "1,2";
				VALIDATE_PRODUCT = YES;
			};
			name = Release;
		};
		3C30B1A51D9327840005C2B7 /* Debug */ = {
			isa = XCBuildConfiguration;
			buildSettings = {
				ASSETCATALOG_COMPILER_APPICON_NAME = AppIcon;
				DEVELOPMENT_TEAM = YVM79P4UJ8;
				INFOPLIST_FILE = MBlocksVisualization/Info.plist;
				LD_RUNPATH_SEARCH_PATHS = "$(inherited) @executable_path/Frameworks";
				PRODUCT_BUNDLE_IDENTIFIER = com.CSAIL.MBlocksVisualization;
				PRODUCT_NAME = "$(TARGET_NAME)";
				SWIFT_VERSION = 3.0;
				TARGETED_DEVICE_FAMILY = "1,2";
			};
			name = Debug;
		};
		3C30B1A61D9327840005C2B7 /* Release */ = {
			isa = XCBuildConfiguration;
			buildSettings = {
				ASSETCATALOG_COMPILER_APPICON_NAME = AppIcon;
				DEVELOPMENT_TEAM = YVM79P4UJ8;
				INFOPLIST_FILE = MBlocksVisualization/Info.plist;
				LD_RUNPATH_SEARCH_PATHS = "$(inherited) @executable_path/Frameworks";
				PRODUCT_BUNDLE_IDENTIFIER = com.CSAIL.MBlocksVisualization;
				PRODUCT_NAME = "$(TARGET_NAME)";
				SWIFT_VERSION = 3.0;
				TARGETED_DEVICE_FAMILY = "1,2";
			};
			name = Release;
		};
		3C30B1A81D9327840005C2B7 /* Debug */ = {
			isa = XCBuildConfiguration;
			buildSettings = {
				ALWAYS_EMBED_SWIFT_STANDARD_LIBRARIES = YES;
				BUNDLE_LOADER = "$(TEST_HOST)";
				INFOPLIST_FILE = MBlocksVisualizationTests/Info.plist;
				LD_RUNPATH_SEARCH_PATHS = "$(inherited) @executable_path/Frameworks @loader_path/Frameworks";
				PRODUCT_BUNDLE_IDENTIFIER = com.CSAIL.MBlocksVisualizationTests;
				PRODUCT_NAME = "$(TARGET_NAME)";
				SWIFT_VERSION = 3.0;
				TEST_HOST = "$(BUILT_PRODUCTS_DIR)/MBlocksVisualization.app/MBlocksVisualization";
			};
			name = Debug;
		};
		3C30B1A91D9327840005C2B7 /* Release */ = {
			isa = XCBuildConfiguration;
			buildSettings = {
				ALWAYS_EMBED_SWIFT_STANDARD_LIBRARIES = YES;
				BUNDLE_LOADER = "$(TEST_HOST)";
				INFOPLIST_FILE = MBlocksVisualizationTests/Info.plist;
				LD_RUNPATH_SEARCH_PATHS = "$(inherited) @executable_path/Frameworks @loader_path/Frameworks";
				PRODUCT_BUNDLE_IDENTIFIER = com.CSAIL.MBlocksVisualizationTests;
				PRODUCT_NAME = "$(TARGET_NAME)";
				SWIFT_VERSION = 3.0;
				TEST_HOST = "$(BUILT_PRODUCTS_DIR)/MBlocksVisualization.app/MBlocksVisualization";
			};
			name = Release;
		};
		3C30B1AB1D9327840005C2B7 /* Debug */ = {
			isa = XCBuildConfiguration;
			buildSettings = {
				ALWAYS_EMBED_SWIFT_STANDARD_LIBRARIES = YES;
				INFOPLIST_FILE = MBlocksVisualizationUITests/Info.plist;
				LD_RUNPATH_SEARCH_PATHS = "$(inherited) @executable_path/Frameworks @loader_path/Frameworks";
				PRODUCT_BUNDLE_IDENTIFIER = com.CSAIL.MBlocksVisualizationUITests;
				PRODUCT_NAME = "$(TARGET_NAME)";
				SWIFT_VERSION = 3.0;
				TEST_TARGET_NAME = MBlocksVisualization;
			};
			name = Debug;
		};
		3C30B1AC1D9327840005C2B7 /* Release */ = {
			isa = XCBuildConfiguration;
			buildSettings = {
				ALWAYS_EMBED_SWIFT_STANDARD_LIBRARIES = YES;
				INFOPLIST_FILE = MBlocksVisualizationUITests/Info.plist;
				LD_RUNPATH_SEARCH_PATHS = "$(inherited) @executable_path/Frameworks @loader_path/Frameworks";
				PRODUCT_BUNDLE_IDENTIFIER = com.CSAIL.MBlocksVisualizationUITests;
				PRODUCT_NAME = "$(TARGET_NAME)";
				SWIFT_VERSION = 3.0;
				TEST_TARGET_NAME = MBlocksVisualization;
			};
			name = Release;
		};
/* End XCBuildConfiguration section */

/* Begin XCConfigurationList section */
		3C30B1771D9327830005C2B7 /* Build configuration list for PBXProject "MBlocksVisualization" */ = {
			isa = XCConfigurationList;
			buildConfigurations = (
				3C30B1A21D9327840005C2B7 /* Debug */,
				3C30B1A31D9327840005C2B7 /* Release */,
			);
			defaultConfigurationIsVisible = 0;
			defaultConfigurationName = Release;
		};
		3C30B1A41D9327840005C2B7 /* Build configuration list for PBXNativeTarget "MBlocksVisualization" */ = {
			isa = XCConfigurationList;
			buildConfigurations = (
				3C30B1A51D9327840005C2B7 /* Debug */,
				3C30B1A61D9327840005C2B7 /* Release */,
			);
			defaultConfigurationIsVisible = 0;
			defaultConfigurationName = Release;
		};
		3C30B1A71D9327840005C2B7 /* Build configuration list for PBXNativeTarget "MBlocksVisualizationTests" */ = {
			isa = XCConfigurationList;
			buildConfigurations = (
				3C30B1A81D9327840005C2B7 /* Debug */,
				3C30B1A91D9327840005C2B7 /* Release */,
			);
			defaultConfigurationIsVisible = 0;
			defaultConfigurationName = Release;
		};
		3C30B1AA1D9327840005C2B7 /* Build configuration list for PBXNativeTarget "MBlocksVisualizationUITests" */ = {
			isa = XCConfigurationList;
			buildConfigurations = (
				3C30B1AB1D9327840005C2B7 /* Debug */,
				3C30B1AC1D9327840005C2B7 /* Release */,
			);
			defaultConfigurationIsVisible = 0;
			defaultConfigurationName = Release;
		};
/* End XCConfigurationList section */
	};
	rootObject = 3C30B1741D9327830005C2B7 /* Project object */;
}
